
Microsoft Visual Studio Solution File, Format Version 12.00
Project("{FAE04EC0-301F-11D3-BF4B-00C04F79EFBC}") = "Server", "Server\Server.csproj", "{84DD71EC-5D43-47A7-8C53-940E589694BC}"
EndProject
Global
	GlobalSection(SolutionConfigurationPlatforms) = preSolution
		Debug|Any CPU = Debug|Any CPU
		Release|Any CPU = Release|Any CPU
	EndGlobalSection
	GlobalSection(ProjectConfigurationPlatforms) = postSolution
		{84DD71EC-5D43-47A7-8C53-940E589694BC}.Debug|Any CPU.ActiveCfg = Debug|Any CPU
		{84DD71EC-5D43-47A7-8C53-940E589694BC}.Debug|Any CPU.Build.0 = Debug|Any CPU
		{84DD71EC-5D43-47A7-8C53-940E589694BC}.Release|Any CPU.ActiveCfg = Release|Any CPU
		{84DD71EC-5D43-47A7-8C53-940E589694BC}.Release|Any CPU.Build.0 = Release|Any CPU
	EndGlobalSection
EndGlobal
